// !$*UTF8*$!
{
	archiveVersion = 1;
	classes = {
	};
	objectVersion = 51;
	objects = {

/* Begin PBXBuildFile section */
		195F66922618526B00D09A01 /* VideoInfo.swift in Sources */ = {isa = PBXBuildFile; fileRef = 195F66912618526B00D09A01 /* VideoInfo.swift */; };
		1992D861261843F500DEC060 /* AppDelegate.swift in Sources */ = {isa = PBXBuildFile; fileRef = 1992D860261843F500DEC060 /* AppDelegate.swift */; };
		1992D865261843F500DEC060 /* WatchViewController.swift in Sources */ = {isa = PBXBuildFile; fileRef = 1992D864261843F500DEC060 /* WatchViewController.swift */; };
		1992D86A261843F600DEC060 /* Assets.xcassets in Resources */ = {isa = PBXBuildFile; fileRef = 1992D869261843F600DEC060 /* Assets.xcassets */; };
		1992D86D261843F600DEC060 /* LaunchScreen.storyboard in Resources */ = {isa = PBXBuildFile; fileRef = 1992D86B261843F600DEC060 /* LaunchScreen.storyboard */; };
		1992D878261843F600DEC060 /* YouTuViewTests.swift in Sources */ = {isa = PBXBuildFile; fileRef = 1992D877261843F600DEC060 /* YouTuViewTests.swift */; };
		1992D883261843F600DEC060 /* YouTuViewUITests.swift in Sources */ = {isa = PBXBuildFile; fileRef = 1992D882261843F600DEC060 /* YouTuViewUITests.swift */; };
		1992D8912618483800DEC060 /* SceneDelegate.swift in Sources */ = {isa = PBXBuildFile; fileRef = 1992D8902618483800DEC060 /* SceneDelegate.swift */; };
		1992D893261849BD00DEC060 /* ListViewController.swift in Sources */ = {isa = PBXBuildFile; fileRef = 1992D892261849BD00DEC060 /* ListViewController.swift */; };
		1992D89726184B1D00DEC060 /* SuggestVideoView.swift in Sources */ = {isa = PBXBuildFile; fileRef = 1992D89626184B1D00DEC060 /* SuggestVideoView.swift */; };
		D808AC4C0CC176A50A400F1D /* Pods_YouTuView.framework in Frameworks */ = {isa = PBXBuildFile; fileRef = 1751C06553515067507936F7 /* Pods_YouTuView.framework */; };
/* End PBXBuildFile section */

/* Begin PBXContainerItemProxy section */
		1992D874261843F600DEC060 /* PBXContainerItemProxy */ = {
			isa = PBXContainerItemProxy;
			containerPortal = 1992D855261843F500DEC060 /* Project object */;
			proxyType = 1;
			remoteGlobalIDString = 1992D85C261843F500DEC060;
			remoteInfo = YouTuView;
		};
		1992D87F261843F600DEC060 /* PBXContainerItemProxy */ = {
			isa = PBXContainerItemProxy;
			containerPortal = 1992D855261843F500DEC060 /* Project object */;
			proxyType = 1;
			remoteGlobalIDString = 1992D85C261843F500DEC060;
			remoteInfo = YouTuView;
		};
/* End PBXContainerItemProxy section */

/* Begin PBXFileReference section */
		1399D3F664F781D1F980C9B0 /* Pods-YouTuView.release.xcconfig */ = {isa = PBXFileReference; includeInIndex = 1; lastKnownFileType = text.xcconfig; name = "Pods-YouTuView.release.xcconfig"; path = "Target Support Files/Pods-YouTuView/Pods-YouTuView.release.xcconfig"; sourceTree = "<group>"; };
		1751C06553515067507936F7 /* Pods_YouTuView.framework */ = {isa = PBXFileReference; explicitFileType = wrapper.framework; includeInIndex = 0; path = Pods_YouTuView.framework; sourceTree = BUILT_PRODUCTS_DIR; };
		195F66912618526B00D09A01 /* VideoInfo.swift */ = {isa = PBXFileReference; lastKnownFileType = sourcecode.swift; path = VideoInfo.swift; sourceTree = "<group>"; };
		1992D85D261843F500DEC060 /* YouTuView.app */ = {isa = PBXFileReference; explicitFileType = wrapper.application; includeInIndex = 0; path = YouTuView.app; sourceTree = BUILT_PRODUCTS_DIR; };
		1992D860261843F500DEC060 /* AppDelegate.swift */ = {isa = PBXFileReference; lastKnownFileType = sourcecode.swift; path = AppDelegate.swift; sourceTree = "<group>"; };
		1992D864261843F500DEC060 /* WatchViewController.swift */ = {isa = PBXFileReference; lastKnownFileType = sourcecode.swift; path = WatchViewController.swift; sourceTree = "<group>"; };
		1992D869261843F600DEC060 /* Assets.xcassets */ = {isa = PBXFileReference; lastKnownFileType = folder.assetcatalog; path = Assets.xcassets; sourceTree = "<group>"; };
		1992D86C261843F600DEC060 /* Base */ = {isa = PBXFileReference; lastKnownFileType = file.storyboard; name = Base; path = Base.lproj/LaunchScreen.storyboard; sourceTree = "<group>"; };
		1992D86E261843F600DEC060 /* Info.plist */ = {isa = PBXFileReference; lastKnownFileType = text.plist.xml; path = Info.plist; sourceTree = "<group>"; };
		1992D873261843F600DEC060 /* YouTuViewTests.xctest */ = {isa = PBXFileReference; explicitFileType = wrapper.cfbundle; includeInIndex = 0; path = YouTuViewTests.xctest; sourceTree = BUILT_PRODUCTS_DIR; };
		1992D877261843F600DEC060 /* YouTuViewTests.swift */ = {isa = PBXFileReference; lastKnownFileType = sourcecode.swift; path = YouTuViewTests.swift; sourceTree = "<group>"; };
		1992D879261843F600DEC060 /* Info.plist */ = {isa = PBXFileReference; lastKnownFileType = text.plist.xml; path = Info.plist; sourceTree = "<group>"; };
		1992D87E261843F600DEC060 /* YouTuViewUITests.xctest */ = {isa = PBXFileReference; explicitFileType = wrapper.cfbundle; includeInIndex = 0; path = YouTuViewUITests.xctest; sourceTree = BUILT_PRODUCTS_DIR; };
		1992D882261843F600DEC060 /* YouTuViewUITests.swift */ = {isa = PBXFileReference; lastKnownFileType = sourcecode.swift; path = YouTuViewUITests.swift; sourceTree = "<group>"; };
		1992D884261843F600DEC060 /* Info.plist */ = {isa = PBXFileReference; lastKnownFileType = text.plist.xml; path = Info.plist; sourceTree = "<group>"; };
		1992D8902618483800DEC060 /* SceneDelegate.swift */ = {isa = PBXFileReference; fileEncoding = 4; lastKnownFileType = sourcecode.swift; path = SceneDelegate.swift; sourceTree = "<group>"; };
		1992D892261849BD00DEC060 /* ListViewController.swift */ = {isa = PBXFileReference; lastKnownFileType = sourcecode.swift; path = ListViewController.swift; sourceTree = "<group>"; };
		1992D89626184B1D00DEC060 /* SuggestVideoView.swift */ = {isa = PBXFileReference; lastKnownFileType = sourcecode.swift; path = SuggestVideoView.swift; sourceTree = "<group>"; };
		87A5C858DDEB257DE20D04D3 /* Pods-YouTuView.debug.xcconfig */ = {isa = PBXFileReference; includeInIndex = 1; lastKnownFileType = text.xcconfig; name = "Pods-YouTuView.debug.xcconfig"; path = "Target Support Files/Pods-YouTuView/Pods-YouTuView.debug.xcconfig"; sourceTree = "<group>"; };
/* End PBXFileReference section */

/* Begin PBXFrameworksBuildPhase section */
		1992D85A261843F500DEC060 /* Frameworks */ = {
			isa = PBXFrameworksBuildPhase;
			buildActionMask = 2147483647;
			files = (
				D808AC4C0CC176A50A400F1D /* Pods_YouTuView.framework in Frameworks */,
			);
			runOnlyForDeploymentPostprocessing = 0;
		};
		1992D870261843F600DEC060 /* Frameworks */ = {
			isa = PBXFrameworksBuildPhase;
			buildActionMask = 2147483647;
			files = (
			);
			runOnlyForDeploymentPostprocessing = 0;
		};
		1992D87B261843F600DEC060 /* Frameworks */ = {
			isa = PBXFrameworksBuildPhase;
			buildActionMask = 2147483647;
			files = (
			);
			runOnlyForDeploymentPostprocessing = 0;
		};
/* End PBXFrameworksBuildPhase section */

/* Begin PBXGroup section */
		195F66902618524E00D09A01 /* Model */ = {
			isa = PBXGroup;
			children = (
				195F66912618526B00D09A01 /* VideoInfo.swift */,
			);
			path = Model;
			sourceTree = "<group>";
		};
		1992D854261843F500DEC060 = {
			isa = PBXGroup;
			children = (
				1992D85F261843F500DEC060 /* YouTuView */,
				1992D876261843F600DEC060 /* YouTuViewTests */,
				1992D881261843F600DEC060 /* YouTuViewUITests */,
				1992D85E261843F500DEC060 /* Products */,
				FBA398738BB7536E8B96AA31 /* Pods */,
				8FB6D86E4A6C17CDC67D3C60 /* Frameworks */,
			);
			sourceTree = "<group>";
		};
		1992D85E261843F500DEC060 /* Products */ = {
			isa = PBXGroup;
			children = (
				1992D85D261843F500DEC060 /* YouTuView.app */,
				1992D873261843F600DEC060 /* YouTuViewTests.xctest */,
				1992D87E261843F600DEC060 /* YouTuViewUITests.xctest */,
			);
			name = Products;
			sourceTree = "<group>";
		};
		1992D85F261843F500DEC060 /* YouTuView */ = {
			isa = PBXGroup;
			children = (
				1992D860261843F500DEC060 /* AppDelegate.swift */,
				1992D8902618483800DEC060 /* SceneDelegate.swift */,
				1992D869261843F600DEC060 /* Assets.xcassets */,
				1992D86B261843F600DEC060 /* LaunchScreen.storyboard */,
				1992D86E261843F600DEC060 /* Info.plist */,
				1992D89426184A2900DEC060 /* ViewContollers */,
				1992D89526184B0400DEC060 /* Views */,
				195F66902618524E00D09A01 /* Model */,
			);
			path = YouTuView;
			sourceTree = "<group>";
		};
		1992D876261843F600DEC060 /* YouTuViewTests */ = {
			isa = PBXGroup;
			children = (
				1992D877261843F600DEC060 /* YouTuViewTests.swift */,
				1992D879261843F600DEC060 /* Info.plist */,
			);
			path = YouTuViewTests;
			sourceTree = "<group>";
		};
		1992D881261843F600DEC060 /* YouTuViewUITests */ = {
			isa = PBXGroup;
			children = (
				1992D882261843F600DEC060 /* YouTuViewUITests.swift */,
				1992D884261843F600DEC060 /* Info.plist */,
			);
			path = YouTuViewUITests;
			sourceTree = "<group>";
		};
		1992D89426184A2900DEC060 /* ViewContollers */ = {
			isa = PBXGroup;
			children = (
				1992D892261849BD00DEC060 /* ListViewController.swift */,
				1992D864261843F500DEC060 /* WatchViewController.swift */,
			);
			path = ViewContollers;
			sourceTree = "<group>";
		};
		1992D89526184B0400DEC060 /* Views */ = {
			isa = PBXGroup;
			children = (
				1992D89626184B1D00DEC060 /* SuggestVideoView.swift */,
			);
			path = Views;
			sourceTree = "<group>";
		};
		8FB6D86E4A6C17CDC67D3C60 /* Frameworks */ = {
			isa = PBXGroup;
			children = (
				1751C06553515067507936F7 /* Pods_YouTuView.framework */,
			);
			name = Frameworks;
			sourceTree = "<group>";
		};
		FBA398738BB7536E8B96AA31 /* Pods */ = {
			isa = PBXGroup;
			children = (
				87A5C858DDEB257DE20D04D3 /* Pods-YouTuView.debug.xcconfig */,
				1399D3F664F781D1F980C9B0 /* Pods-YouTuView.release.xcconfig */,
			);
			path = Pods;
			sourceTree = "<group>";
		};
/* End PBXGroup section */

/* Begin PBXNativeTarget section */
		1992D85C261843F500DEC060 /* YouTuView */ = {
			isa = PBXNativeTarget;
			buildConfigurationList = 1992D887261843F600DEC060 /* Build configuration list for PBXNativeTarget "YouTuView" */;
			buildPhases = (
				2CB1F414A4D81A986C1F4E63 /* [CP] Check Pods Manifest.lock */,
				195F668D26184F7200D09A01 /* R.swift */,
				1992D859261843F500DEC060 /* Sources */,
				1992D85A261843F500DEC060 /* Frameworks */,
				1992D85B261843F500DEC060 /* Resources */,
				851E9E5D2DCFCFC1A4F6CDB1 /* [CP] Embed Pods Frameworks */,
			);
			buildRules = (
			);
			dependencies = (
			);
			name = YouTuView;
			productName = YouTuView;
			productReference = 1992D85D261843F500DEC060 /* YouTuView.app */;
			productType = "com.apple.product-type.application";
		};
		1992D872261843F600DEC060 /* YouTuViewTests */ = {
			isa = PBXNativeTarget;
			buildConfigurationList = 1992D88A261843F600DEC060 /* Build configuration list for PBXNativeTarget "YouTuViewTests" */;
			buildPhases = (
				1992D86F261843F600DEC060 /* Sources */,
				1992D870261843F600DEC060 /* Frameworks */,
				1992D871261843F600DEC060 /* Resources */,
			);
			buildRules = (
			);
			dependencies = (
				1992D875261843F600DEC060 /* PBXTargetDependency */,
			);
			name = YouTuViewTests;
			productName = YouTuViewTests;
			productReference = 1992D873261843F600DEC060 /* YouTuViewTests.xctest */;
			productType = "com.apple.product-type.bundle.unit-test";
		};
		1992D87D261843F600DEC060 /* YouTuViewUITests */ = {
			isa = PBXNativeTarget;
			buildConfigurationList = 1992D88D261843F600DEC060 /* Build configuration list for PBXNativeTarget "YouTuViewUITests" */;
			buildPhases = (
				1992D87A261843F600DEC060 /* Sources */,
				1992D87B261843F600DEC060 /* Frameworks */,
				1992D87C261843F600DEC060 /* Resources */,
			);
			buildRules = (
			);
			dependencies = (
				1992D880261843F600DEC060 /* PBXTargetDependency */,
			);
			name = YouTuViewUITests;
			productName = YouTuViewUITests;
			productReference = 1992D87E261843F600DEC060 /* YouTuViewUITests.xctest */;
			productType = "com.apple.product-type.bundle.ui-testing";
		};
/* End PBXNativeTarget section */

/* Begin PBXProject section */
		1992D855261843F500DEC060 /* Project object */ = {
			isa = PBXProject;
			attributes = {
				LastSwiftUpdateCheck = 1250;
				LastUpgradeCheck = 1250;
				TargetAttributes = {
					1992D85C261843F500DEC060 = {
						CreatedOnToolsVersion = 12.5;
					};
					1992D872261843F600DEC060 = {
						CreatedOnToolsVersion = 12.5;
						TestTargetID = 1992D85C261843F500DEC060;
					};
					1992D87D261843F600DEC060 = {
						CreatedOnToolsVersion = 12.5;
						TestTargetID = 1992D85C261843F500DEC060;
					};
				};
			};
			buildConfigurationList = 1992D858261843F500DEC060 /* Build configuration list for PBXProject "YouTuView" */;
			compatibilityVersion = "Xcode 9.3";
			developmentRegion = en;
			hasScannedForEncodings = 0;
			knownRegions = (
				en,
				Base,
			);
			mainGroup = 1992D854261843F500DEC060;
			productRefGroup = 1992D85E261843F500DEC060 /* Products */;
			projectDirPath = "";
			projectRoot = "";
			targets = (
				1992D85C261843F500DEC060 /* YouTuView */,
				1992D872261843F600DEC060 /* YouTuViewTests */,
				1992D87D261843F600DEC060 /* YouTuViewUITests */,
			);
		};
/* End PBXProject section */

/* Begin PBXResourcesBuildPhase section */
		1992D85B261843F500DEC060 /* Resources */ = {
			isa = PBXResourcesBuildPhase;
			buildActionMask = 2147483647;
			files = (
				1992D86D261843F600DEC060 /* LaunchScreen.storyboard in Resources */,
				1992D86A261843F600DEC060 /* Assets.xcassets in Resources */,
			);
			runOnlyForDeploymentPostprocessing = 0;
		};
		1992D871261843F600DEC060 /* Resources */ = {
			isa = PBXResourcesBuildPhase;
			buildActionMask = 2147483647;
			files = (
			);
			runOnlyForDeploymentPostprocessing = 0;
		};
		1992D87C261843F600DEC060 /* Resources */ = {
			isa = PBXResourcesBuildPhase;
			buildActionMask = 2147483647;
			files = (
			);
			runOnlyForDeploymentPostprocessing = 0;
		};
/* End PBXResourcesBuildPhase section */

/* Begin PBXShellScriptBuildPhase section */
		195F668D26184F7200D09A01 /* R.swift */ = {
			isa = PBXShellScriptBuildPhase;
			buildActionMask = 2147483647;
			files = (
			);
			inputFileListPaths = (
			);
			inputPaths = (
				"$TEMP_DIR/rswift-lastrun",
			);
			name = R.swift;
			outputFileListPaths = (
			);
			outputPaths = (
				$SRCROOT/R.generated.swift,
			);
			runOnlyForDeploymentPostprocessing = 0;
			shellPath = /bin/sh;
			shellScript = "# Type a script or drag a script file from your workspace to insert its path.\n\"$PODS_ROOT/R.swift/rswift\" generate \"$SRCROOT/R.generated.swift\"\n";
		};
		2CB1F414A4D81A986C1F4E63 /* [CP] Check Pods Manifest.lock */ = {
			isa = PBXShellScriptBuildPhase;
			buildActionMask = 2147483647;
			files = (
			);
			inputFileListPaths = (
			);
			inputPaths = (
				"${PODS_PODFILE_DIR_PATH}/Podfile.lock",
				"${PODS_ROOT}/Manifest.lock",
			);
			name = "[CP] Check Pods Manifest.lock";
			outputFileListPaths = (
			);
			outputPaths = (
				"$(DERIVED_FILE_DIR)/Pods-YouTuView-checkManifestLockResult.txt",
			);
			runOnlyForDeploymentPostprocessing = 0;
			shellPath = /bin/sh;
			shellScript = "diff \"${PODS_PODFILE_DIR_PATH}/Podfile.lock\" \"${PODS_ROOT}/Manifest.lock\" > /dev/null\nif [ $? != 0 ] ; then\n    # print error to STDERR\n    echo \"error: The sandbox is not in sync with the Podfile.lock. Run 'pod install' or update your CocoaPods installation.\" >&2\n    exit 1\nfi\n# This output is used by Xcode 'outputs' to avoid re-running this script phase.\necho \"SUCCESS\" > \"${SCRIPT_OUTPUT_FILE_0}\"\n";
			showEnvVarsInLog = 0;
		};
		851E9E5D2DCFCFC1A4F6CDB1 /* [CP] Embed Pods Frameworks */ = {
			isa = PBXShellScriptBuildPhase;
			buildActionMask = 2147483647;
			files = (
			);
			inputFileListPaths = (
				"${PODS_ROOT}/Target Support Files/Pods-YouTuView/Pods-YouTuView-frameworks-${CONFIGURATION}-input-files.xcfilelist",
			);
			name = "[CP] Embed Pods Frameworks";
			outputFileListPaths = (
				"${PODS_ROOT}/Target Support Files/Pods-YouTuView/Pods-YouTuView-frameworks-${CONFIGURATION}-output-files.xcfilelist",
			);
			runOnlyForDeploymentPostprocessing = 0;
			shellPath = /bin/sh;
			shellScript = "\"${PODS_ROOT}/Target Support Files/Pods-YouTuView/Pods-YouTuView-frameworks.sh\"\n";
			showEnvVarsInLog = 0;
		};
/* End PBXShellScriptBuildPhase section */

/* Begin PBXSourcesBuildPhase section */
		1992D859261843F500DEC060 /* Sources */ = {
			isa = PBXSourcesBuildPhase;
			buildActionMask = 2147483647;
			files = (
				1992D865261843F500DEC060 /* WatchViewController.swift in Sources */,
				1992D861261843F500DEC060 /* AppDelegate.swift in Sources */,
				1992D89726184B1D00DEC060 /* SuggestVideoView.swift in Sources */,
				195F66922618526B00D09A01 /* VideoInfo.swift in Sources */,
				1992D893261849BD00DEC060 /* ListViewController.swift in Sources */,
				1992D8912618483800DEC060 /* SceneDelegate.swift in Sources */,
			);
			runOnlyForDeploymentPostprocessing = 0;
		};
		1992D86F261843F600DEC060 /* Sources */ = {
			isa = PBXSourcesBuildPhase;
			buildActionMask = 2147483647;
			files = (
				1992D878261843F600DEC060 /* YouTuViewTests.swift in Sources */,
			);
			runOnlyForDeploymentPostprocessing = 0;
		};
		1992D87A261843F600DEC060 /* Sources */ = {
			isa = PBXSourcesBuildPhase;
			buildActionMask = 2147483647;
			files = (
				1992D883261843F600DEC060 /* YouTuViewUITests.swift in Sources */,
			);
			runOnlyForDeploymentPostprocessing = 0;
		};
/* End PBXSourcesBuildPhase section */

/* Begin PBXTargetDependency section */
		1992D875261843F600DEC060 /* PBXTargetDependency */ = {
			isa = PBXTargetDependency;
			target = 1992D85C261843F500DEC060 /* YouTuView */;
			targetProxy = 1992D874261843F600DEC060 /* PBXContainerItemProxy */;
		};
		1992D880261843F600DEC060 /* PBXTargetDependency */ = {
			isa = PBXTargetDependency;
			target = 1992D85C261843F500DEC060 /* YouTuView */;
			targetProxy = 1992D87F261843F600DEC060 /* PBXContainerItemProxy */;
		};
/* End PBXTargetDependency section */

/* Begin PBXVariantGroup section */
		1992D86B261843F600DEC060 /* LaunchScreen.storyboard */ = {
			isa = PBXVariantGroup;
			children = (
				1992D86C261843F600DEC060 /* Base */,
			);
			name = LaunchScreen.storyboard;
			sourceTree = "<group>";
		};
/* End PBXVariantGroup section */

/* Begin XCBuildConfiguration section */
		1992D885261843F600DEC060 /* Debug */ = {
			isa = XCBuildConfiguration;
			buildSettings = {
				ALWAYS_SEARCH_USER_PATHS = NO;
				CLANG_ANALYZER_NONNULL = YES;
				CLANG_ANALYZER_NUMBER_OBJECT_CONVERSION = YES_AGGRESSIVE;
				CLANG_CXX_LANGUAGE_STANDARD = "gnu++14";
				CLANG_CXX_LIBRARY = "libc++";
				CLANG_ENABLE_MODULES = YES;
				CLANG_ENABLE_OBJC_ARC = YES;
				CLANG_ENABLE_OBJC_WEAK = YES;
				CLANG_WARN_BLOCK_CAPTURE_AUTORELEASING = YES;
				CLANG_WARN_BOOL_CONVERSION = YES;
				CLANG_WARN_COMMA = YES;
				CLANG_WARN_CONSTANT_CONVERSION = YES;
				CLANG_WARN_DEPRECATED_OBJC_IMPLEMENTATIONS = YES;
				CLANG_WARN_DIRECT_OBJC_ISA_USAGE = YES_ERROR;
				CLANG_WARN_DOCUMENTATION_COMMENTS = YES;
				CLANG_WARN_EMPTY_BODY = YES;
				CLANG_WARN_ENUM_CONVERSION = YES;
				CLANG_WARN_INFINITE_RECURSION = YES;
				CLANG_WARN_INT_CONVERSION = YES;
				CLANG_WARN_NON_LITERAL_NULL_CONVERSION = YES;
				CLANG_WARN_OBJC_IMPLICIT_RETAIN_SELF = YES;
				CLANG_WARN_OBJC_LITERAL_CONVERSION = YES;
				CLANG_WARN_OBJC_ROOT_CLASS = YES_ERROR;
				CLANG_WARN_QUOTED_INCLUDE_IN_FRAMEWORK_HEADER = YES;
				CLANG_WARN_RANGE_LOOP_ANALYSIS = YES;
				CLANG_WARN_STRICT_PROTOTYPES = YES;
				CLANG_WARN_SUSPICIOUS_MOVE = YES;
				CLANG_WARN_UNGUARDED_AVAILABILITY = YES_AGGRESSIVE;
				CLANG_WARN_UNREACHABLE_CODE = YES;
				CLANG_WARN__DUPLICATE_METHOD_MATCH = YES;
				COPY_PHASE_STRIP = NO;
				DEBUG_INFORMATION_FORMAT = dwarf;
				ENABLE_STRICT_OBJC_MSGSEND = YES;
				ENABLE_TESTABILITY = YES;
				GCC_C_LANGUAGE_STANDARD = gnu11;
				GCC_DYNAMIC_NO_PIC = NO;
				GCC_NO_COMMON_BLOCKS = YES;
				GCC_OPTIMIZATION_LEVEL = 0;
				GCC_PREPROCESSOR_DEFINITIONS = (
					"DEBUG=1",
					"$(inherited)",
				);
				GCC_WARN_64_TO_32_BIT_CONVERSION = YES;
				GCC_WARN_ABOUT_RETURN_TYPE = YES_ERROR;
				GCC_WARN_UNDECLARED_SELECTOR = YES;
				GCC_WARN_UNINITIALIZED_AUTOS = YES_AGGRESSIVE;
				GCC_WARN_UNUSED_FUNCTION = YES;
				GCC_WARN_UNUSED_VARIABLE = YES;
				IPHONEOS_DEPLOYMENT_TARGET = 14.5;
				MTL_ENABLE_DEBUG_INFO = INCLUDE_SOURCE;
				MTL_FAST_MATH = YES;
				ONLY_ACTIVE_ARCH = YES;
				SDKROOT = iphoneos;
				SWIFT_ACTIVE_COMPILATION_CONDITIONS = DEBUG;
				SWIFT_OPTIMIZATION_LEVEL = "-Onone";
			};
			name = Debug;
		};
		1992D886261843F600DEC060 /* Release */ = {
			isa = XCBuildConfiguration;
			buildSettings = {
				ALWAYS_SEARCH_USER_PATHS = NO;
				CLANG_ANALYZER_NONNULL = YES;
				CLANG_ANALYZER_NUMBER_OBJECT_CONVERSION = YES_AGGRESSIVE;
				CLANG_CXX_LANGUAGE_STANDARD = "gnu++14";
				CLANG_CXX_LIBRARY = "libc++";
				CLANG_ENABLE_MODULES = YES;
				CLANG_ENABLE_OBJC_ARC = YES;
				CLANG_ENABLE_OBJC_WEAK = YES;
				CLANG_WARN_BLOCK_CAPTURE_AUTORELEASING = YES;
				CLANG_WARN_BOOL_CONVERSION = YES;
				CLANG_WARN_COMMA = YES;
				CLANG_WARN_CONSTANT_CONVERSION = YES;
				CLANG_WARN_DEPRECATED_OBJC_IMPLEMENTATIONS = YES;
				CLANG_WARN_DIRECT_OBJC_ISA_USAGE = YES_ERROR;
				CLANG_WARN_DOCUMENTATION_COMMENTS = YES;
				CLANG_WARN_EMPTY_BODY = YES;
				CLANG_WARN_ENUM_CONVERSION = YES;
				CLANG_WARN_INFINITE_RECURSION = YES;
				CLANG_WARN_INT_CONVERSION = YES;
				CLANG_WARN_NON_LITERAL_NULL_CONVERSION = YES;
				CLANG_WARN_OBJC_IMPLICIT_RETAIN_SELF = YES;
				CLANG_WARN_OBJC_LITERAL_CONVERSION = YES;
				CLANG_WARN_OBJC_ROOT_CLASS = YES_ERROR;
				CLANG_WARN_QUOTED_INCLUDE_IN_FRAMEWORK_HEADER = YES;
				CLANG_WARN_RANGE_LOOP_ANALYSIS = YES;
				CLANG_WARN_STRICT_PROTOTYPES = YES;
				CLANG_WARN_SUSPICIOUS_MOVE = YES;
				CLANG_WARN_UNGUARDED_AVAILABILITY = YES_AGGRESSIVE;
				CLANG_WARN_UNREACHABLE_CODE = YES;
				CLANG_WARN__DUPLICATE_METHOD_MATCH = YES;
				COPY_PHASE_STRIP = NO;
				DEBUG_INFORMATION_FORMAT = "dwarf-with-dsym";
				ENABLE_NS_ASSERTIONS = NO;
				ENABLE_STRICT_OBJC_MSGSEND = YES;
				GCC_C_LANGUAGE_STANDARD = gnu11;
				GCC_NO_COMMON_BLOCKS = YES;
				GCC_WARN_64_TO_32_BIT_CONVERSION = YES;
				GCC_WARN_ABOUT_RETURN_TYPE = YES_ERROR;
				GCC_WARN_UNDECLARED_SELECTOR = YES;
				GCC_WARN_UNINITIALIZED_AUTOS = YES_AGGRESSIVE;
				GCC_WARN_UNUSED_FUNCTION = YES;
				GCC_WARN_UNUSED_VARIABLE = YES;
				IPHONEOS_DEPLOYMENT_TARGET = 14.5;
				MTL_ENABLE_DEBUG_INFO = NO;
				MTL_FAST_MATH = YES;
				SDKROOT = iphoneos;
				SWIFT_COMPILATION_MODE = wholemodule;
				SWIFT_OPTIMIZATION_LEVEL = "-O";
				VALIDATE_PRODUCT = YES;
			};
			name = Release;
		};
		1992D888261843F600DEC060 /* Debug */ = {
			isa = XCBuildConfiguration;
			baseConfigurationReference = 87A5C858DDEB257DE20D04D3 /* Pods-YouTuView.debug.xcconfig */;
			buildSettings = {
				ASSETCATALOG_COMPILER_APPICON_NAME = AppIcon;
				ASSETCATALOG_COMPILER_GLOBAL_ACCENT_COLOR_NAME = AccentColor;
				CODE_SIGN_STYLE = Automatic;
				DEVELOPMENT_TEAM = 56787CM63P;
				INFOPLIST_FILE = YouTuView/Info.plist;
				IPHONEOS_DEPLOYMENT_TARGET = 14.0;
				LD_RUNPATH_SEARCH_PATHS = (
					"$(inherited)",
					"@executable_path/Frameworks",
				);
				PRODUCT_BUNDLE_IDENTIFIER = tosh7.YouTuView;
				PRODUCT_NAME = "$(TARGET_NAME)";
				SWIFT_VERSION = 5.0;
				TARGETED_DEVICE_FAMILY = 1;
			};
			name = Debug;
		};
		1992D889261843F600DEC060 /* Release */ = {
			isa = XCBuildConfiguration;
			baseConfigurationReference = 1399D3F664F781D1F980C9B0 /* Pods-YouTuView.release.xcconfig */;
			buildSettings = {
				ASSETCATALOG_COMPILER_APPICON_NAME = AppIcon;
				ASSETCATALOG_COMPILER_GLOBAL_ACCENT_COLOR_NAME = AccentColor;
				CODE_SIGN_STYLE = Automatic;
				DEVELOPMENT_TEAM = 56787CM63P;
				INFOPLIST_FILE = YouTuView/Info.plist;
				IPHONEOS_DEPLOYMENT_TARGET = 14.0;
				LD_RUNPATH_SEARCH_PATHS = (
					"$(inherited)",
					"@executable_path/Frameworks",
				);
				PRODUCT_BUNDLE_IDENTIFIER = tosh7.YouTuView;
				PRODUCT_NAME = "$(TARGET_NAME)";
				SWIFT_VERSION = 5.0;
				TARGETED_DEVICE_FAMILY = 1;
			};
			name = Release;
		};
		1992D88B261843F600DEC060 /* Debug */ = {
			isa = XCBuildConfiguration;
			buildSettings = {
				ALWAYS_EMBED_SWIFT_STANDARD_LIBRARIES = YES;
				BUNDLE_LOADER = "$(TEST_HOST)";
				CODE_SIGN_STYLE = Automatic;
				DEVELOPMENT_TEAM = 56787CM63P;
				INFOPLIST_FILE = YouTuViewTests/Info.plist;
				IPHONEOS_DEPLOYMENT_TARGET = 14.5;
				LD_RUNPATH_SEARCH_PATHS = (
					"$(inherited)",
					"@executable_path/Frameworks",
					"@loader_path/Frameworks",
				);
				PRODUCT_BUNDLE_IDENTIFIER = tosh7.YouTuViewTests;
				PRODUCT_NAME = "$(TARGET_NAME)";
				SWIFT_VERSION = 5.0;
				TARGETED_DEVICE_FAMILY = "1,2";
				TEST_HOST = "$(BUILT_PRODUCTS_DIR)/YouTuView.app/YouTuView";
			};
			name = Debug;
		};
		1992D88C261843F600DEC060 /* Release */ = {
			isa = XCBuildConfiguration;
			buildSettings = {
				ALWAYS_EMBED_SWIFT_STANDARD_LIBRARIES = YES;
				BUNDLE_LOADER = "$(TEST_HOST)";
				CODE_SIGN_STYLE = Automatic;
				DEVELOPMENT_TEAM = 56787CM63P;
				INFOPLIST_FILE = YouTuViewTests/Info.plist;
				IPHONEOS_DEPLOYMENT_TARGET = 14.5;
				LD_RUNPATH_SEARCH_PATHS = (
					"$(inherited)",
					"@executable_path/Frameworks",
					"@loader_path/Frameworks",
				);
				PRODUCT_BUNDLE_IDENTIFIER = tosh7.YouTuViewTests;
				PRODUCT_NAME = "$(TARGET_NAME)";
				SWIFT_VERSION = 5.0;
				TARGETED_DEVICE_FAMILY = "1,2";
				TEST_HOST = "$(BUILT_PRODUCTS_DIR)/YouTuView.app/YouTuView";
			};
			name = Release;
		};
		1992D88E261843F600DEC060 /* Debug */ = {
			isa = XCBuildConfiguration;
			buildSettings = {
				ALWAYS_EMBED_SWIFT_STANDARD_LIBRARIES = YES;
				CODE_SIGN_STYLE = Automatic;
				DEVELOPMENT_TEAM = 56787CM63P;
				INFOPLIST_FILE = YouTuViewUITests/Info.plist;
				LD_RUNPATH_SEARCH_PATHS = (
					"$(inherited)",
					"@executable_path/Frameworks",
					"@loader_path/Frameworks",
				);
				PRODUCT_BUNDLE_IDENTIFIER = tosh7.YouTuViewUITests;
				PRODUCT_NAME = "$(TARGET_NAME)";
				SWIFT_VERSION = 5.0;
				TARGETED_DEVICE_FAMILY = "1,2";
				TEST_TARGET_NAME = YouTuView;
			};
			name = Debug;
		};
		1992D88F261843F600DEC060 /* Release */ = {
			isa = XCBuildConfiguration;
			buildSettings = {
				ALWAYS_EMBED_SWIFT_STANDARD_LIBRARIES = YES;
				CODE_SIGN_STYLE = Automatic;
				DEVELOPMENT_TEAM = 56787CM63P;
				INFOPLIST_FILE = YouTuViewUITests/Info.plist;
				LD_RUNPATH_SEARCH_PATHS = (
					"$(inherited)",
					"@executable_path/Frameworks",
					"@loader_path/Frameworks",
				);
				PRODUCT_BUNDLE_IDENTIFIER = tosh7.YouTuViewUITests;
				PRODUCT_NAME = "$(TARGET_NAME)";
				SWIFT_VERSION = 5.0;
				TARGETED_DEVICE_FAMILY = "1,2";
				TEST_TARGET_NAME = YouTuView;
			};
			name = Release;
		};
/* End XCBuildConfiguration section */

/* Begin XCConfigurationList section */
		1992D858261843F500DEC060 /* Build configuration list for PBXProject "YouTuView" */ = {
			isa = XCConfigurationList;
			buildConfigurations = (
				1992D885261843F600DEC060 /* Debug */,
				1992D886261843F600DEC060 /* Release */,
			);
			defaultConfigurationIsVisible = 0;
			defaultConfigurationName = Release;
		};
		1992D887261843F600DEC060 /* Build configuration list for PBXNativeTarget "YouTuView" */ = {
			isa = XCConfigurationList;
			buildConfigurations = (
				1992D888261843F600DEC060 /* Debug */,
				1992D889261843F600DEC060 /* Release */,
			);
			defaultConfigurationIsVisible = 0;
			defaultConfigurationName = Release;
		};
		1992D88A261843F600DEC060 /* Build configuration list for PBXNativeTarget "YouTuViewTests" */ = {
			isa = XCConfigurationList;
			buildConfigurations = (
				1992D88B261843F600DEC060 /* Debug */,
				1992D88C261843F600DEC060 /* Release */,
			);
			defaultConfigurationIsVisible = 0;
			defaultConfigurationName = Release;
		};
		1992D88D261843F600DEC060 /* Build configuration list for PBXNativeTarget "YouTuViewUITests" */ = {
			isa = XCConfigurationList;
			buildConfigurations = (
				1992D88E261843F600DEC060 /* Debug */,
				1992D88F261843F600DEC060 /* Release */,
			);
			defaultConfigurationIsVisible = 0;
			defaultConfigurationName = Release;
		};
/* End XCConfigurationList section */
	};
	rootObject = 1992D855261843F500DEC060 /* Project object */;
}
